
Microsoft Visual Studio Solution File, Format Version 12.00
# Visual Studio Version 17
VisualStudioVersion = 17.1.32414.318
MinimumVisualStudioVersion = 10.0.40219.1
Project("{FAE04EC0-301F-11D3-BF4B-00C04F79EFBC}") = "UnityFogger", "src\UnityFogger\UnityFogger.csproj", "{0257D7FD-3279-4ADB-B8F8-DD65EE241A8E}"
EndProject
Global
	GlobalSection(SolutionConfigurationPlatforms) = preSolution
		Debug|Any CPU = Debug|Any CPU
		Release|Any CPU = Release|Any CPU
	EndGlobalSection
	GlobalSection(ProjectConfigurationPlatforms) = postSolution
		{0257D7FD-3279-4ADB-B8F8-DD65EE241A8E}.Debug|Any CPU.ActiveCfg = Debug|Any CPU
		{0257D7FD-3279-4ADB-B8F8-DD65EE241A8E}.Debug|Any CPU.Build.0 = Debug|Any CPU
		{0257D7FD-3279-4ADB-B8F8-DD65EE241A8E}.Release|Any CPU.ActiveCfg = Release|Any CPU
		{0257D7FD-3279-4ADB-B8F8-DD65EE241A8E}.Release|Any CPU.Build.0 = Release|Any CPU
	EndGlobalSection
	GlobalSection(SolutionProperties) = preSolution
		HideSolutionNode = FALSE
	EndGlobalSection
	GlobalSection(ExtensibilityGlobals) = postSolution
		SolutionGuid = {20AA080E-3509-435E-80D7-8A6C59453F6A}
	EndGlobalSection
EndGlobal
